
Microsoft Visual Studio Solution File, Format Version 12.00
# Visual Studio Version 16
VisualStudioVersion = 16.0.31025.194
MinimumVisualStudioVersion = 10.0.40219.1
Project("{8BC9CEB8-8B4A-11D0-8D11-00A0C91BC942}") = "013FunctionPower", "FunctionPower\FunctionPower.vcxproj", "{62AE141B-9BAD-4E4A-9AB1-817FCF173C1A}"
EndProject
Project("{8BC9CEB8-8B4A-11D0-8D11-00A0C91BC942}") = "015ArrayOfSymbols", "ArrayOfSymbols\ArrayOfSymbols.vcxproj", "{368420F6-A0CD-4C2A-9EA5-B6F853167297}"
EndProject
Project("{8BC9CEB8-8B4A-11D0-8D11-00A0C91BC942}") = "MultiProrgamm(else if)", "MultiProrgamm(else if)\MultiProrgamm(else if).vcxproj", "{B1930E93-79C2-47AD-B643-EE469CEEB34A}"
EndProject
Project("{8BC9CEB8-8B4A-11D0-8D11-00A0C91BC942}") = "011Array", "Array\Array.vcxproj", "{3DCD8116-AA29-4553-8AF2-5EA3B436C765}"
EndProject
Project("{8BC9CEB8-8B4A-11D0-8D11-00A0C91BC942}") = "014FunctionFahrtoCelsius", "FunctionFahrtoCelsius\FunctionFahrtoCelsius.vcxproj", "{23B2193E-F88C-4933-A646-C2B3D4B45C2F}"
EndProject
Project("{8BC9CEB8-8B4A-11D0-8D11-00A0C91BC942}") = "010OneWordOnTheLine (HOMEWORK 1.12)", "OneWordOnTheLine (HOMEWORK 1.12)\OneWordOnTheLine (HOMEWORK 1.12).vcxproj", "{48CAD047-B2F9-422A-9B66-3900EA31DAC2}"
EndProject
Project("{8BC9CEB8-8B4A-11D0-8D11-00A0C91BC942}") = "009CountingWords", "CountingWords\CountingWords.vcxproj", "{8CF2BCC8-EBE1-412F-B12C-D7BA89954914}"
EndProject
Project("{8BC9CEB8-8B4A-11D0-8D11-00A0C91BC942}") = "008ReplaceTabSlash(HOMEWORK 1.10)", "ReplaceTabSlash(HOMEWORK 1.10)\ReplaceTabSlash(HOMEWORK 1.10).vcxproj", "{170365EA-BF71-43B1-8A0F-6DDA7414E378}"
EndProject
Project("{8BC9CEB8-8B4A-11D0-8D11-00A0C91BC942}") = "007SpacesSkiper(HOMEWORK 1.9)", "SpacesSkiper(HOMEWORK 1.9)\SpacesSkiper(HOMEWORK 1.9).vcxproj", "{8EA25384-CEE4-45C8-8B8B-5D733EC74E72}"
EndProject
Project("{8BC9CEB8-8B4A-11D0-8D11-00A0C91BC942}") = "006CountingNewlinesTabsSpaces(HOMEWORK1.8)", "CountingNewlinesTabsSpaces(HOMEWORK1.8)\CountingNewlinesTabsSpaces(HOMEWORK1.8).vcxproj", "{0A7490B5-7279-4BE3-9B27-591C526567CE}"
EndProject
Project("{8BC9CEB8-8B4A-11D0-8D11-00A0C91BC942}") = "005NewlinesCounter", "NewlinesCounter\NewlinesCounter.vcxproj", "{F5FD6AEB-6FB4-4A90-B002-C62FDE64A9C6}"
EndProject
Project("{8BC9CEB8-8B4A-11D0-8D11-00A0C91BC942}") = "004CharacterCounter", "CharacterCounter\CharacterCounter.vcxproj", "{1B8DDCC5-2A68-44BD-985E-DC74615DD69A}"
EndProject
Project("{8BC9CEB8-8B4A-11D0-8D11-00A0C91BC942}") = "003OutputEOF(HOMEWORK1.6_1.7)", "outputEOF(HOMEWORK1.6_1.7)\outputEOF(HOMEWORK1.6_1.7).vcxproj", "{8D757B22-6CBC-445B-A3AE-48912405511C}"
EndProject
Project("{8BC9CEB8-8B4A-11D0-8D11-00A0C91BC942}") = "002CopyFile", "CopyFile\CopyFile.vcxproj", "{C34503A9-A618-4FFB-88EB-8C1955EEE7D1}"
EndProject
Project("{8BC9CEB8-8B4A-11D0-8D11-00A0C91BC942}") = "001FahrToCelsius", "FahrToCelsius\FahrToCelsius.vcxproj", "{4F3B262B-1C1F-49E2-B25B-358A5EBED760}"
EndProject
Project("{8BC9CEB8-8B4A-11D0-8D11-00A0C91BC942}") = "012ArrayHistogrammHorizontal(HOMEWORK1.14)", "ArrayHistogrammHorizontal(HOMEWORK1.14)\9.2)ArrayHistogrammHorizontal(HOMEWORK1.14).vcxproj", "{8305E389-09E9-45F5-9BBC-6C911435E52A}"
EndProject
Global
	GlobalSection(SolutionConfigurationPlatforms) = preSolution
		Debug|x64 = Debug|x64
		Debug|x86 = Debug|x86
		Release|x64 = Release|x64
		Release|x86 = Release|x86
	EndGlobalSection
	GlobalSection(ProjectConfigurationPlatforms) = postSolution
		{62AE141B-9BAD-4E4A-9AB1-817FCF173C1A}.Debug|x64.ActiveCfg = Debug|x64
		{62AE141B-9BAD-4E4A-9AB1-817FCF173C1A}.Debug|x64.Build.0 = Debug|x64
		{62AE141B-9BAD-4E4A-9AB1-817FCF173C1A}.Debug|x86.ActiveCfg = Debug|Win32
		{62AE141B-9BAD-4E4A-9AB1-817FCF173C1A}.Debug|x86.Build.0 = Debug|Win32
		{62AE141B-9BAD-4E4A-9AB1-817FCF173C1A}.Release|x64.ActiveCfg = Release|x64
		{62AE141B-9BAD-4E4A-9AB1-817FCF173C1A}.Release|x64.Build.0 = Release|x64
		{62AE141B-9BAD-4E4A-9AB1-817FCF173C1A}.Release|x86.ActiveCfg = Release|Win32
		{62AE141B-9BAD-4E4A-9AB1-817FCF173C1A}.Release|x86.Build.0 = Release|Win32
		{368420F6-A0CD-4C2A-9EA5-B6F853167297}.Debug|x64.ActiveCfg = Debug|x64
		{368420F6-A0CD-4C2A-9EA5-B6F853167297}.Debug|x64.Build.0 = Debug|x64
		{368420F6-A0CD-4C2A-9EA5-B6F853167297}.Debug|x86.ActiveCfg = Debug|Win32
		{368420F6-A0CD-4C2A-9EA5-B6F853167297}.Debug|x86.Build.0 = Debug|Win32
		{368420F6-A0CD-4C2A-9EA5-B6F853167297}.Release|x64.ActiveCfg = Release|x64
		{368420F6-A0CD-4C2A-9EA5-B6F853167297}.Release|x64.Build.0 = Release|x64
		{368420F6-A0CD-4C2A-9EA5-B6F853167297}.Release|x86.ActiveCfg = Release|Win32
		{368420F6-A0CD-4C2A-9EA5-B6F853167297}.Release|x86.Build.0 = Release|Win32
		{B1930E93-79C2-47AD-B643-EE469CEEB34A}.Debug|x64.ActiveCfg = Debug|x64
		{B1930E93-79C2-47AD-B643-EE469CEEB34A}.Debug|x64.Build.0 = Debug|x64
		{B1930E93-79C2-47AD-B643-EE469CEEB34A}.Debug|x86.ActiveCfg = Debug|Win32
		{B1930E93-79C2-47AD-B643-EE469CEEB34A}.Debug|x86.Build.0 = Debug|Win32
		{B1930E93-79C2-47AD-B643-EE469CEEB34A}.Release|x64.ActiveCfg = Release|x64
		{B1930E93-79C2-47AD-B643-EE469CEEB34A}.Release|x64.Build.0 = Release|x64
		{B1930E93-79C2-47AD-B643-EE469CEEB34A}.Release|x86.ActiveCfg = Release|Win32
		{B1930E93-79C2-47AD-B643-EE469CEEB34A}.Release|x86.Build.0 = Release|Win32
		{3DCD8116-AA29-4553-8AF2-5EA3B436C765}.Debug|x64.ActiveCfg = Debug|x64
		{3DCD8116-AA29-4553-8AF2-5EA3B436C765}.Debug|x64.Build.0 = Debug|x64
		{3DCD8116-AA29-4553-8AF2-5EA3B436C765}.Debug|x86.ActiveCfg = Debug|Win32
		{3DCD8116-AA29-4553-8AF2-5EA3B436C765}.Debug|x86.Build.0 = Debug|Win32
		{3DCD8116-AA29-4553-8AF2-5EA3B436C765}.Release|x64.ActiveCfg = Release|x64
		{3DCD8116-AA29-4553-8AF2-5EA3B436C765}.Release|x64.Build.0 = Release|x64
		{3DCD8116-AA29-4553-8AF2-5EA3B436C765}.Release|x86.ActiveCfg = Release|Win32
		{3DCD8116-AA29-4553-8AF2-5EA3B436C765}.Release|x86.Build.0 = Release|Win32
		{23B2193E-F88C-4933-A646-C2B3D4B45C2F}.Debug|x64.ActiveCfg = Debug|x64
		{23B2193E-F88C-4933-A646-C2B3D4B45C2F}.Debug|x64.Build.0 = Debug|x64
		{23B2193E-F88C-4933-A646-C2B3D4B45C2F}.Debug|x86.ActiveCfg = Debug|Win32
		{23B2193E-F88C-4933-A646-C2B3D4B45C2F}.Debug|x86.Build.0 = Debug|Win32
		{23B2193E-F88C-4933-A646-C2B3D4B45C2F}.Release|x64.ActiveCfg = Release|x64
		{23B2193E-F88C-4933-A646-C2B3D4B45C2F}.Release|x64.Build.0 = Release|x64
		{23B2193E-F88C-4933-A646-C2B3D4B45C2F}.Release|x86.ActiveCfg = Release|Win32
		{23B2193E-F88C-4933-A646-C2B3D4B45C2F}.Release|x86.Build.0 = Release|Win32
		{48CAD047-B2F9-422A-9B66-3900EA31DAC2}.Debug|x64.ActiveCfg = Debug|x64
		{48CAD047-B2F9-422A-9B66-3900EA31DAC2}.Debug|x64.Build.0 = Debug|x64
		{48CAD047-B2F9-422A-9B66-3900EA31DAC2}.Debug|x86.ActiveCfg = Debug|Win32
		{48CAD047-B2F9-422A-9B66-3900EA31DAC2}.Debug|x86.Build.0 = Debug|Win32
		{48CAD047-B2F9-422A-9B66-3900EA31DAC2}.Release|x64.ActiveCfg = Release|x64
		{48CAD047-B2F9-422A-9B66-3900EA31DAC2}.Release|x64.Build.0 = Release|x64
		{48CAD047-B2F9-422A-9B66-3900EA31DAC2}.Release|x86.ActiveCfg = Release|Win32
		{48CAD047-B2F9-422A-9B66-3900EA31DAC2}.Release|x86.Build.0 = Release|Win32
		{8CF2BCC8-EBE1-412F-B12C-D7BA89954914}.Debug|x64.ActiveCfg = Debug|x64
		{8CF2BCC8-EBE1-412F-B12C-D7BA89954914}.Debug|x64.Build.0 = Debug|x64
		{8CF2BCC8-EBE1-412F-B12C-D7BA89954914}.Debug|x86.ActiveCfg = Debug|Win32
		{8CF2BCC8-EBE1-412F-B12C-D7BA89954914}.Debug|x86.Build.0 = Debug|Win32
		{8CF2BCC8-EBE1-412F-B12C-D7BA89954914}.Release|x64.ActiveCfg = Release|x64
		{8CF2BCC8-EBE1-412F-B12C-D7BA89954914}.Release|x64.Build.0 = Release|x64
		{8CF2BCC8-EBE1-412F-B12C-D7BA89954914}.Release|x86.ActiveCfg = Release|Win32
		{8CF2BCC8-EBE1-412F-B12C-D7BA89954914}.Release|x86.Build.0 = Release|Win32
		{170365EA-BF71-43B1-8A0F-6DDA7414E378}.Debug|x64.ActiveCfg = Debug|x64
		{170365EA-BF71-43B1-8A0F-6DDA7414E378}.Debug|x64.Build.0 = Debug|x64
		{170365EA-BF71-43B1-8A0F-6DDA7414E378}.Debug|x86.ActiveCfg = Debug|Win32
		{170365EA-BF71-43B1-8A0F-6DDA7414E378}.Debug|x86.Build.0 = Debug|Win32
		{170365EA-BF71-43B1-8A0F-6DDA7414E378}.Release|x64.ActiveCfg = Release|x64
		{170365EA-BF71-43B1-8A0F-6DDA7414E378}.Release|x64.Build.0 = Release|x64
		{170365EA-BF71-43B1-8A0F-6DDA7414E378}.Release|x86.ActiveCfg = Release|Win32
		{170365EA-BF71-43B1-8A0F-6DDA7414E378}.Release|x86.Build.0 = Release|Win32
		{8EA25384-CEE4-45C8-8B8B-5D733EC74E72}.Debug|x64.ActiveCfg = Debug|x64
		{8EA25384-CEE4-45C8-8B8B-5D733EC74E72}.Debug|x64.Build.0 = Debug|x64
		{8EA25384-CEE4-45C8-8B8B-5D733EC74E72}.Debug|x86.ActiveCfg = Debug|Win32
		{8EA25384-CEE4-45C8-8B8B-5D733EC74E72}.Debug|x86.Build.0 = Debug|Win32
		{8EA25384-CEE4-45C8-8B8B-5D733EC74E72}.Release|x64.ActiveCfg = Release|x64
		{8EA25384-CEE4-45C8-8B8B-5D733EC74E72}.Release|x64.Build.0 = Release|x64
		{8EA25384-CEE4-45C8-8B8B-5D733EC74E72}.Release|x86.ActiveCfg = Release|Win32
		{8EA25384-CEE4-45C8-8B8B-5D733EC74E72}.Release|x86.Build.0 = Release|Win32
		{0A7490B5-7279-4BE3-9B27-591C526567CE}.Debug|x64.ActiveCfg = Debug|x64
		{0A7490B5-7279-4BE3-9B27-591C526567CE}.Debug|x64.Build.0 = Debug|x64
		{0A7490B5-7279-4BE3-9B27-591C526567CE}.Debug|x86.ActiveCfg = Debug|Win32
		{0A7490B5-7279-4BE3-9B27-591C526567CE}.Debug|x86.Build.0 = Debug|Win32
		{0A7490B5-7279-4BE3-9B27-591C526567CE}.Release|x64.ActiveCfg = Release|x64
		{0A7490B5-7279-4BE3-9B27-591C526567CE}.Release|x64.Build.0 = Release|x64
		{0A7490B5-7279-4BE3-9B27-591C526567CE}.Release|x86.ActiveCfg = Release|Win32
		{0A7490B5-7279-4BE3-9B27-591C526567CE}.Release|x86.Build.0 = Release|Win32
		{F5FD6AEB-6FB4-4A90-B002-C62FDE64A9C6}.Debug|x64.ActiveCfg = Debug|x64
		{F5FD6AEB-6FB4-4A90-B002-C62FDE64A9C6}.Debug|x64.Build.0 = Debug|x64
		{F5FD6AEB-6FB4-4A90-B002-C62FDE64A9C6}.Debug|x86.ActiveCfg = Debug|Win32
		{F5FD6AEB-6FB4-4A90-B002-C62FDE64A9C6}.Debug|x86.Build.0 = Debug|Win32
		{F5FD6AEB-6FB4-4A90-B002-C62FDE64A9C6}.Release|x64.ActiveCfg = Release|x64
		{F5FD6AEB-6FB4-4A90-B002-C62FDE64A9C6}.Release|x64.Build.0 = Release|x64
		{F5FD6AEB-6FB4-4A90-B002-C62FDE64A9C6}.Release|x86.ActiveCfg = Release|Win32
		{F5FD6AEB-6FB4-4A90-B002-C62FDE64A9C6}.Release|x86.Build.0 = Release|Win32
		{1B8DDCC5-2A68-44BD-985E-DC74615DD69A}.Debug|x64.ActiveCfg = Debug|x64
		{1B8DDCC5-2A68-44BD-985E-DC74615DD69A}.Debug|x64.Build.0 = Debug|x64
		{1B8DDCC5-2A68-44BD-985E-DC74615DD69A}.Debug|x86.ActiveCfg = Debug|Win32
		{1B8DDCC5-2A68-44BD-985E-DC74615DD69A}.Debug|x86.Build.0 = Debug|Win32
		{1B8DDCC5-2A68-44BD-985E-DC74615DD69A}.Release|x64.ActiveCfg = Release|x64
		{1B8DDCC5-2A68-44BD-985E-DC74615DD69A}.Release|x64.Build.0 = Release|x64
		{1B8DDCC5-2A68-44BD-985E-DC74615DD69A}.Release|x86.ActiveCfg = Release|Win32
		{1B8DDCC5-2A68-44BD-985E-DC74615DD69A}.Release|x86.Build.0 = Release|Win32
		{8D757B22-6CBC-445B-A3AE-48912405511C}.Debug|x64.ActiveCfg = Debug|x64
		{8D757B22-6CBC-445B-A3AE-48912405511C}.Debug|x64.Build.0 = Debug|x64
		{8D757B22-6CBC-445B-A3AE-48912405511C}.Debug|x86.ActiveCfg = Debug|Win32
		{8D757B22-6CBC-445B-A3AE-48912405511C}.Debug|x86.Build.0 = Debug|Win32
		{8D757B22-6CBC-445B-A3AE-48912405511C}.Release|x64.ActiveCfg = Release|x64
		{8D757B22-6CBC-445B-A3AE-48912405511C}.Release|x64.Build.0 = Release|x64
		{8D757B22-6CBC-445B-A3AE-48912405511C}.Release|x86.ActiveCfg = Release|Win32
		{8D757B22-6CBC-445B-A3AE-48912405511C}.Release|x86.Build.0 = Release|Win32
		{C34503A9-A618-4FFB-88EB-8C1955EEE7D1}.Debug|x64.ActiveCfg = Debug|x64
		{C34503A9-A618-4FFB-88EB-8C1955EEE7D1}.Debug|x64.Build.0 = Debug|x64
		{C34503A9-A618-4FFB-88EB-8C1955EEE7D1}.Debug|x86.ActiveCfg = Debug|Win32
		{C34503A9-A618-4FFB-88EB-8C1955EEE7D1}.Debug|x86.Build.0 = Debug|Win32
		{C34503A9-A618-4FFB-88EB-8C1955EEE7D1}.Release|x64.ActiveCfg = Release|x64
		{C34503A9-A618-4FFB-88EB-8C1955EEE7D1}.Release|x64.Build.0 = Release|x64
		{C34503A9-A618-4FFB-88EB-8C1955EEE7D1}.Release|x86.ActiveCfg = Release|Win32
		{C34503A9-A618-4FFB-88EB-8C1955EEE7D1}.Release|x86.Build.0 = Release|Win32
		{4F3B262B-1C1F-49E2-B25B-358A5EBED760}.Debug|x64.ActiveCfg = Debug|x64
		{4F3B262B-1C1F-49E2-B25B-358A5EBED760}.Debug|x64.Build.0 = Debug|x64
		{4F3B262B-1C1F-49E2-B25B-358A5EBED760}.Debug|x86.ActiveCfg = Debug|Win32
		{4F3B262B-1C1F-49E2-B25B-358A5EBED760}.Debug|x86.Build.0 = Debug|Win32
		{4F3B262B-1C1F-49E2-B25B-358A5EBED760}.Release|x64.ActiveCfg = Release|x64
		{4F3B262B-1C1F-49E2-B25B-358A5EBED760}.Release|x64.Build.0 = Release|x64
		{4F3B262B-1C1F-49E2-B25B-358A5EBED760}.Release|x86.ActiveCfg = Release|Win32
		{4F3B262B-1C1F-49E2-B25B-358A5EBED760}.Release|x86.Build.0 = Release|Win32
		{8305E389-09E9-45F5-9BBC-6C911435E52A}.Debug|x64.ActiveCfg = Debug|x64
		{8305E389-09E9-45F5-9BBC-6C911435E52A}.Debug|x64.Build.0 = Debug|x64
		{8305E389-09E9-45F5-9BBC-6C911435E52A}.Debug|x86.ActiveCfg = Debug|Win32
		{8305E389-09E9-45F5-9BBC-6C911435E52A}.Debug|x86.Build.0 = Debug|Win32
		{8305E389-09E9-45F5-9BBC-6C911435E52A}.Release|x64.ActiveCfg = Release|x64
		{8305E389-09E9-45F5-9BBC-6C911435E52A}.Release|x64.Build.0 = Release|x64
		{8305E389-09E9-45F5-9BBC-6C911435E52A}.Release|x86.ActiveCfg = Release|Win32
		{8305E389-09E9-45F5-9BBC-6C911435E52A}.Release|x86.Build.0 = Release|Win32
	EndGlobalSection
	GlobalSection(SolutionProperties) = preSolution
		HideSolutionNode = FALSE
	EndGlobalSection
	GlobalSection(ExtensibilityGlobals) = postSolution
		SolutionGuid = {C2A67794-D96A-4408-B717-8D477845D00C}
	EndGlobalSection
EndGlobal
